// !$*UTF8*$!
{
	archiveVersion = 1;
	classes = {
	};
	objectVersion = 46;
	objects = {

/* Begin PBXBuildFile section */
		6864283E17E061CB00AE0919 /* icon_256x256.png in Resources */ = {isa = PBXBuildFile; fileRef = 6864283D17E061CB00AE0919 /* icon_256x256.png */; };
		6864284017E061D600AE0919 /* Icon.iconset in Resources */ = {isa = PBXBuildFile; fileRef = 6864283F17E061D600AE0919 /* Icon.iconset */; };
		68BDFD9417E709850093B2EF /* WSLogic.m in Sources */ = {isa = PBXBuildFile; fileRef = 68BDFD9317E709850093B2EF /* WSLogic.m */; };
		68EC9B2517DE2C4100A82B4A /* Cocoa.framework in Frameworks */ = {isa = PBXBuildFile; fileRef = 68EC9B2417DE2C4100A82B4A /* Cocoa.framework */; };
		68EC9B2F17DE2C4100A82B4A /* InfoPlist.strings in Resources */ = {isa = PBXBuildFile; fileRef = 68EC9B2D17DE2C4100A82B4A /* InfoPlist.strings */; };
		68EC9B3117DE2C4100A82B4A /* main.m in Sources */ = {isa = PBXBuildFile; fileRef = 68EC9B3017DE2C4100A82B4A /* main.m */; };
		68EC9B3517DE2C4100A82B4A /* Credits.rtf in Resources */ = {isa = PBXBuildFile; fileRef = 68EC9B3317DE2C4100A82B4A /* Credits.rtf */; };
		68EC9B3817DE2C4100A82B4A /* WSAppDelegate.m in Sources */ = {isa = PBXBuildFile; fileRef = 68EC9B3717DE2C4100A82B4A /* WSAppDelegate.m */; };
		68EC9B3B17DE2C4200A82B4A /* MainMenu.xib in Resources */ = {isa = PBXBuildFile; fileRef = 68EC9B3917DE2C4200A82B4A /* MainMenu.xib */; };
		68EC9B4317DE2C4200A82B4A /* SenTestingKit.framework in Frameworks */ = {isa = PBXBuildFile; fileRef = 68EC9B4217DE2C4200A82B4A /* SenTestingKit.framework */; };
		68EC9B4417DE2C4200A82B4A /* Cocoa.framework in Frameworks */ = {isa = PBXBuildFile; fileRef = 68EC9B2417DE2C4100A82B4A /* Cocoa.framework */; };
		68EC9B4C17DE2C4200A82B4A /* InfoPlist.strings in Resources */ = {isa = PBXBuildFile; fileRef = 68EC9B4A17DE2C4200A82B4A /* InfoPlist.strings */; };
		68EC9B4F17DE2C4200A82B4A /* Commission_Price_CalculatorTests.m in Sources */ = {isa = PBXBuildFile; fileRef = 68EC9B4E17DE2C4200A82B4A /* Commission_Price_CalculatorTests.m */; };
/* End PBXBuildFile section */

/* Begin PBXContainerItemProxy section */
		68EC9B4517DE2C4200A82B4A /* PBXContainerItemProxy */ = {
			isa = PBXContainerItemProxy;
			containerPortal = 68EC9B1917DE2C4100A82B4A /* Project object */;
			proxyType = 1;
			remoteGlobalIDString = 68EC9B2017DE2C4100A82B4A;
			remoteInfo = "Commission Price Calculator";
		};
/* End PBXContainerItemProxy section */

/* Begin PBXFileReference section */
		6864283D17E061CB00AE0919 /* icon_256x256.png */ = {isa = PBXFileReference; lastKnownFileType = image.png; path = icon_256x256.png; sourceTree = "<group>"; };
		6864283F17E061D600AE0919 /* Icon.iconset */ = {isa = PBXFileReference; lastKnownFileType = folder.iconset; path = Icon.iconset; sourceTree = "<group>"; };
		68BDFD9217E709850093B2EF /* WSLogic.h */ = {isa = PBXFileReference; fileEncoding = 4; lastKnownFileType = sourcecode.c.h; name = WSLogic.h; path = ../WSLogic.h; sourceTree = "<group>"; };
		68BDFD9317E709850093B2EF /* WSLogic.m */ = {isa = PBXFileReference; fileEncoding = 4; lastKnownFileType = sourcecode.c.objc; name = WSLogic.m; path = ../WSLogic.m; sourceTree = "<group>"; };
		68D8CB20181904F700C7F831 /* ItemIndexes.h */ = {isa = PBXFileReference; lastKnownFileType = sourcecode.c.h; path = ItemIndexes.h; sourceTree = "<group>"; };
		68EC9B2117DE2C4100A82B4A /* Commission Price Calculator.app */ = {isa = PBXFileReference; explicitFileType = wrapper.application; includeInIndex = 0; path = "Commission Price Calculator.app"; sourceTree = BUILT_PRODUCTS_DIR; };
		68EC9B2417DE2C4100A82B4A /* Cocoa.framework */ = {isa = PBXFileReference; lastKnownFileType = wrapper.framework; name = Cocoa.framework; path = System/Library/Frameworks/Cocoa.framework; sourceTree = SDKROOT; };
		68EC9B2717DE2C4100A82B4A /* AppKit.framework */ = {isa = PBXFileReference; lastKnownFileType = wrapper.framework; name = AppKit.framework; path = System/Library/Frameworks/AppKit.framework; sourceTree = SDKROOT; };
		68EC9B2817DE2C4100A82B4A /* CoreData.framework */ = {isa = PBXFileReference; lastKnownFileType = wrapper.framework; name = CoreData.framework; path = System/Library/Frameworks/CoreData.framework; sourceTree = SDKROOT; };
		68EC9B2917DE2C4100A82B4A /* Foundation.framework */ = {isa = PBXFileReference; lastKnownFileType = wrapper.framework; name = Foundation.framework; path = System/Library/Frameworks/Foundation.framework; sourceTree = SDKROOT; };
		68EC9B2C17DE2C4100A82B4A /* Commission Price Calculator-Info.plist */ = {isa = PBXFileReference; lastKnownFileType = text.plist.xml; path = "Commission Price Calculator-Info.plist"; sourceTree = "<group>"; };
		68EC9B2E17DE2C4100A82B4A /* en */ = {isa = PBXFileReference; lastKnownFileType = text.plist.strings; name = en; path = en.lproj/InfoPlist.strings; sourceTree = "<group>"; };
		68EC9B3017DE2C4100A82B4A /* main.m */ = {isa = PBXFileReference; lastKnownFileType = sourcecode.c.objc; path = main.m; sourceTree = "<group>"; };
		68EC9B3217DE2C4100A82B4A /* Commission Price Calculator-Prefix.pch */ = {isa = PBXFileReference; lastKnownFileType = sourcecode.c.h; path = "Commission Price Calculator-Prefix.pch"; sourceTree = "<group>"; };
		68EC9B3417DE2C4100A82B4A /* en */ = {isa = PBXFileReference; lastKnownFileType = text.rtf; name = en; path = en.lproj/Credits.rtf; sourceTree = "<group>"; };
		68EC9B3617DE2C4100A82B4A /* WSAppDelegate.h */ = {isa = PBXFileReference; lastKnownFileType = sourcecode.c.h; path = WSAppDelegate.h; sourceTree = "<group>"; };
		68EC9B3717DE2C4100A82B4A /* WSAppDelegate.m */ = {isa = PBXFileReference; lastKnownFileType = sourcecode.c.objc; path = WSAppDelegate.m; sourceTree = "<group>"; };
		68EC9B3A17DE2C4200A82B4A /* en */ = {isa = PBXFileReference; lastKnownFileType = file.xib; name = en; path = en.lproj/MainMenu.xib; sourceTree = "<group>"; };
		68EC9B4117DE2C4200A82B4A /* Commission Price CalculatorTests.octest */ = {isa = PBXFileReference; explicitFileType = wrapper.cfbundle; includeInIndex = 0; path = "Commission Price CalculatorTests.octest"; sourceTree = BUILT_PRODUCTS_DIR; };
		68EC9B4217DE2C4200A82B4A /* SenTestingKit.framework */ = {isa = PBXFileReference; lastKnownFileType = wrapper.framework; name = SenTestingKit.framework; path = Library/Frameworks/SenTestingKit.framework; sourceTree = DEVELOPER_DIR; };
		68EC9B4917DE2C4200A82B4A /* Commission Price CalculatorTests-Info.plist */ = {isa = PBXFileReference; lastKnownFileType = text.plist.xml; path = "Commission Price CalculatorTests-Info.plist"; sourceTree = "<group>"; };
		68EC9B4B17DE2C4200A82B4A /* en */ = {isa = PBXFileReference; lastKnownFileType = text.plist.strings; name = en; path = en.lproj/InfoPlist.strings; sourceTree = "<group>"; };
		68EC9B4D17DE2C4200A82B4A /* Commission_Price_CalculatorTests.h */ = {isa = PBXFileReference; lastKnownFileType = sourcecode.c.h; path = Commission_Price_CalculatorTests.h; sourceTree = "<group>"; };
		68EC9B4E17DE2C4200A82B4A /* Commission_Price_CalculatorTests.m */ = {isa = PBXFileReference; lastKnownFileType = sourcecode.c.objc; path = Commission_Price_CalculatorTests.m; sourceTree = "<group>"; };
/* End PBXFileReference section */

/* Begin PBXFrameworksBuildPhase section */
		68EC9B1E17DE2C4100A82B4A /* Frameworks */ = {
			isa = PBXFrameworksBuildPhase;
			buildActionMask = 2147483647;
			files = (
				68EC9B2517DE2C4100A82B4A /* Cocoa.framework in Frameworks */,
			);
			runOnlyForDeploymentPostprocessing = 0;
		};
		68EC9B3D17DE2C4200A82B4A /* Frameworks */ = {
			isa = PBXFrameworksBuildPhase;
			buildActionMask = 2147483647;
			files = (
				68EC9B4317DE2C4200A82B4A /* SenTestingKit.framework in Frameworks */,
				68EC9B4417DE2C4200A82B4A /* Cocoa.framework in Frameworks */,
			);
			runOnlyForDeploymentPostprocessing = 0;
		};
/* End PBXFrameworksBuildPhase section */

/* Begin PBXGroup section */
		68EC9B1817DE2C4100A82B4A = {
			isa = PBXGroup;
			children = (
				6864283F17E061D600AE0919 /* Icon.iconset */,
				6864283D17E061CB00AE0919 /* icon_256x256.png */,
				68EC9B2A17DE2C4100A82B4A /* Commission Price Calculator */,
				68EC9B4717DE2C4200A82B4A /* Commission Price CalculatorTests */,
				68EC9B2317DE2C4100A82B4A /* Frameworks */,
				68EC9B2217DE2C4100A82B4A /* Products */,
			);
			sourceTree = "<group>";
		};
		68EC9B2217DE2C4100A82B4A /* Products */ = {
			isa = PBXGroup;
			children = (
				68EC9B2117DE2C4100A82B4A /* Commission Price Calculator.app */,
				68EC9B4117DE2C4200A82B4A /* Commission Price CalculatorTests.octest */,
			);
			name = Products;
			sourceTree = "<group>";
		};
		68EC9B2317DE2C4100A82B4A /* Frameworks */ = {
			isa = PBXGroup;
			children = (
				68EC9B2417DE2C4100A82B4A /* Cocoa.framework */,
				68EC9B4217DE2C4200A82B4A /* SenTestingKit.framework */,
				68EC9B2617DE2C4100A82B4A /* Other Frameworks */,
			);
			name = Frameworks;
			sourceTree = "<group>";
		};
		68EC9B2617DE2C4100A82B4A /* Other Frameworks */ = {
			isa = PBXGroup;
			children = (
				68EC9B2717DE2C4100A82B4A /* AppKit.framework */,
				68EC9B2817DE2C4100A82B4A /* CoreData.framework */,
				68EC9B2917DE2C4100A82B4A /* Foundation.framework */,
			);
			name = "Other Frameworks";
			sourceTree = "<group>";
		};
		68EC9B2A17DE2C4100A82B4A /* Commission Price Calculator */ = {
			isa = PBXGroup;
			children = (
				68EC9B3617DE2C4100A82B4A /* WSAppDelegate.h */,
				68EC9B3717DE2C4100A82B4A /* WSAppDelegate.m */,
				68EC9B3917DE2C4200A82B4A /* MainMenu.xib */,
				68EC9B2B17DE2C4100A82B4A /* Supporting Files */,
			);
			path = "Commission Price Calculator";
			sourceTree = "<group>";
		};
		68EC9B2B17DE2C4100A82B4A /* Supporting Files */ = {
			isa = PBXGroup;
			children = (
				68BDFD9217E709850093B2EF /* WSLogic.h */,
				68BDFD9317E709850093B2EF /* WSLogic.m */,
				68D8CB20181904F700C7F831 /* ItemIndexes.h */,
				68EC9B2C17DE2C4100A82B4A /* Commission Price Calculator-Info.plist */,
				68EC9B2D17DE2C4100A82B4A /* InfoPlist.strings */,
				68EC9B3017DE2C4100A82B4A /* main.m */,
				68EC9B3217DE2C4100A82B4A /* Commission Price Calculator-Prefix.pch */,
				68EC9B3317DE2C4100A82B4A /* Credits.rtf */,
			);
			name = "Supporting Files";
			sourceTree = "<group>";
		};
		68EC9B4717DE2C4200A82B4A /* Commission Price CalculatorTests */ = {
			isa = PBXGroup;
			children = (
				68EC9B4D17DE2C4200A82B4A /* Commission_Price_CalculatorTests.h */,
				68EC9B4E17DE2C4200A82B4A /* Commission_Price_CalculatorTests.m */,
				68EC9B4817DE2C4200A82B4A /* Supporting Files */,
			);
			path = "Commission Price CalculatorTests";
			sourceTree = "<group>";
		};
		68EC9B4817DE2C4200A82B4A /* Supporting Files */ = {
			isa = PBXGroup;
			children = (
				68EC9B4917DE2C4200A82B4A /* Commission Price CalculatorTests-Info.plist */,
				68EC9B4A17DE2C4200A82B4A /* InfoPlist.strings */,
			);
			name = "Supporting Files";
			sourceTree = "<group>";
		};
/* End PBXGroup section */

/* Begin PBXNativeTarget section */
		68EC9B2017DE2C4100A82B4A /* Commission Price Calculator */ = {
			isa = PBXNativeTarget;
			buildConfigurationList = 68EC9B5217DE2C4200A82B4A /* Build configuration list for PBXNativeTarget "Commission Price Calculator" */;
			buildPhases = (
				68EC9B1D17DE2C4100A82B4A /* Sources */,
				68EC9B1E17DE2C4100A82B4A /* Frameworks */,
				68EC9B1F17DE2C4100A82B4A /* Resources */,
			);
			buildRules = (
			);
			dependencies = (
			);
			name = "Commission Price Calculator";
			productName = "Commission Price Calculator";
			productReference = 68EC9B2117DE2C4100A82B4A /* Commission Price Calculator.app */;
			productType = "com.apple.product-type.application";
		};
		68EC9B4017DE2C4200A82B4A /* Commission Price CalculatorTests */ = {
			isa = PBXNativeTarget;
			buildConfigurationList = 68EC9B5517DE2C4200A82B4A /* Build configuration list for PBXNativeTarget "Commission Price CalculatorTests" */;
			buildPhases = (
				68EC9B3C17DE2C4200A82B4A /* Sources */,
				68EC9B3D17DE2C4200A82B4A /* Frameworks */,
				68EC9B3E17DE2C4200A82B4A /* Resources */,
				68EC9B3F17DE2C4200A82B4A /* ShellScript */,
			);
			buildRules = (
			);
			dependencies = (
				68EC9B4617DE2C4200A82B4A /* PBXTargetDependency */,
			);
			name = "Commission Price CalculatorTests";
			productName = "Commission Price CalculatorTests";
			productReference = 68EC9B4117DE2C4200A82B4A /* Commission Price CalculatorTests.octest */;
			productType = "com.apple.product-type.bundle";
		};
/* End PBXNativeTarget section */

/* Begin PBXProject section */
		68EC9B1917DE2C4100A82B4A /* Project object */ = {
			isa = PBXProject;
			attributes = {
				CLASSPREFIX = WS;
				LastUpgradeCheck = 0500;
				ORGANIZATIONNAME = "Electric Coffee";
			};
			buildConfigurationList = 68EC9B1C17DE2C4100A82B4A /* Build configuration list for PBXProject "Commission Price Calculator" */;
			compatibilityVersion = "Xcode 3.2";
			developmentRegion = English;
			hasScannedForEncodings = 0;
			knownRegions = (
				en,
			);
			mainGroup = 68EC9B1817DE2C4100A82B4A;
			productRefGroup = 68EC9B2217DE2C4100A82B4A /* Products */;
			projectDirPath = "";
			projectRoot = "";
			targets = (
				68EC9B2017DE2C4100A82B4A /* Commission Price Calculator */,
				68EC9B4017DE2C4200A82B4A /* Commission Price CalculatorTests */,
			);
		};
/* End PBXProject section */

/* Begin PBXResourcesBuildPhase section */
		68EC9B1F17DE2C4100A82B4A /* Resources */ = {
			isa = PBXResourcesBuildPhase;
			buildActionMask = 2147483647;
			files = (
				68EC9B2F17DE2C4100A82B4A /* InfoPlist.strings in Resources */,
				68EC9B3517DE2C4100A82B4A /* Credits.rtf in Resources */,
				68EC9B3B17DE2C4200A82B4A /* MainMenu.xib in Resources */,
				6864283E17E061CB00AE0919 /* icon_256x256.png in Resources */,
				6864284017E061D600AE0919 /* Icon.iconset in Resources */,
			);
			runOnlyForDeploymentPostprocessing = 0;
		};
		68EC9B3E17DE2C4200A82B4A /* Resources */ = {
			isa = PBXResourcesBuildPhase;
			buildActionMask = 2147483647;
			files = (
				68EC9B4C17DE2C4200A82B4A /* InfoPlist.strings in Resources */,
			);
			runOnlyForDeploymentPostprocessing = 0;
		};
/* End PBXResourcesBuildPhase section */

/* Begin PBXShellScriptBuildPhase section */
		68EC9B3F17DE2C4200A82B4A /* ShellScript */ = {
			isa = PBXShellScriptBuildPhase;
			buildActionMask = 2147483647;
			files = (
			);
			inputPaths = (
			);
			outputPaths = (
			);
			runOnlyForDeploymentPostprocessing = 0;
			shellPath = /bin/sh;
			shellScript = "# Run the unit tests in this test bundle.\n\"${SYSTEM_DEVELOPER_DIR}/Tools/RunUnitTests\"\n";
		};
/* End PBXShellScriptBuildPhase section */

/* Begin PBXSourcesBuildPhase section */
		68EC9B1D17DE2C4100A82B4A /* Sources */ = {
			isa = PBXSourcesBuildPhase;
			buildActionMask = 2147483647;
			files = (
				68EC9B3117DE2C4100A82B4A /* main.m in Sources */,
				68EC9B3817DE2C4100A82B4A /* WSAppDelegate.m in Sources */,
				68BDFD9417E709850093B2EF /* WSLogic.m in Sources */,
			);
			runOnlyForDeploymentPostprocessing = 0;
		};
		68EC9B3C17DE2C4200A82B4A /* Sources */ = {
			isa = PBXSourcesBuildPhase;
			buildActionMask = 2147483647;
			files = (
				68EC9B4F17DE2C4200A82B4A /* Commission_Price_CalculatorTests.m in Sources */,
			);
			runOnlyForDeploymentPostprocessing = 0;
		};
/* End PBXSourcesBuildPhase section */

/* Begin PBXTargetDependency section */
		68EC9B4617DE2C4200A82B4A /* PBXTargetDependency */ = {
			isa = PBXTargetDependency;
			target = 68EC9B2017DE2C4100A82B4A /* Commission Price Calculator */;
			targetProxy = 68EC9B4517DE2C4200A82B4A /* PBXContainerItemProxy */;
		};
/* End PBXTargetDependency section */

/* Begin PBXVariantGroup section */
		68EC9B2D17DE2C4100A82B4A /* InfoPlist.strings */ = {
			isa = PBXVariantGroup;
			children = (
				68EC9B2E17DE2C4100A82B4A /* en */,
			);
			name = InfoPlist.strings;
			sourceTree = "<group>";
		};
		68EC9B3317DE2C4100A82B4A /* Credits.rtf */ = {
			isa = PBXVariantGroup;
			children = (
				68EC9B3417DE2C4100A82B4A /* en */,
			);
			name = Credits.rtf;
			sourceTree = "<group>";
		};
		68EC9B3917DE2C4200A82B4A /* MainMenu.xib */ = {
			isa = PBXVariantGroup;
			children = (
				68EC9B3A17DE2C4200A82B4A /* en */,
			);
			name = MainMenu.xib;
			sourceTree = "<group>";
		};
		68EC9B4A17DE2C4200A82B4A /* InfoPlist.strings */ = {
			isa = PBXVariantGroup;
			children = (
				68EC9B4B17DE2C4200A82B4A /* en */,
			);
			name = InfoPlist.strings;
			sourceTree = "<group>";
		};
/* End PBXVariantGroup section */

/* Begin XCBuildConfiguration section */
		68EC9B5017DE2C4200A82B4A /* Debug */ = {
			isa = XCBuildConfiguration;
			buildSettings = {
				ALWAYS_SEARCH_USER_PATHS = NO;
				CLANG_CXX_LANGUAGE_STANDARD = "gnu++0x";
				CLANG_CXX_LIBRARY = "libc++";
				CLANG_ENABLE_OBJC_ARC = YES;
				CLANG_WARN_CONSTANT_CONVERSION = YES;
				CLANG_WARN_EMPTY_BODY = YES;
				CLANG_WARN_ENUM_CONVERSION = YES;
				CLANG_WARN_INT_CONVERSION = YES;
				CLANG_WARN__DUPLICATE_METHOD_MATCH = YES;
				COPY_PHASE_STRIP = NO;
				GCC_C_LANGUAGE_STANDARD = gnu99;
				GCC_DYNAMIC_NO_PIC = NO;
				GCC_ENABLE_OBJC_EXCEPTIONS = YES;
				GCC_OPTIMIZATION_LEVEL = 0;
				GCC_PREPROCESSOR_DEFINITIONS = (
					"DEBUG=1",
					"$(inherited)",
				);
				GCC_SYMBOLS_PRIVATE_EXTERN = NO;
				GCC_WARN_64_TO_32_BIT_CONVERSION = YES;
				GCC_WARN_ABOUT_RETURN_TYPE = YES;
				GCC_WARN_UNINITIALIZED_AUTOS = YES;
				GCC_WARN_UNUSED_VARIABLE = YES;
				MACOSX_DEPLOYMENT_TARGET = 10.8;
				ONLY_ACTIVE_ARCH = YES;
				SDKROOT = macosx;
			};
			name = Debug;
		};
		68EC9B5117DE2C4200A82B4A /* Release */ = {
			isa = XCBuildConfiguration;
			buildSettings = {
				ALWAYS_SEARCH_USER_PATHS = NO;
				CLANG_CXX_LANGUAGE_STANDARD = "gnu++0x";
				CLANG_CXX_LIBRARY = "libc++";
				CLANG_ENABLE_OBJC_ARC = YES;
				CLANG_WARN_CONSTANT_CONVERSION = YES;
				CLANG_WARN_EMPTY_BODY = YES;
				CLANG_WARN_ENUM_CONVERSION = YES;
				CLANG_WARN_INT_CONVERSION = YES;
				CLANG_WARN__DUPLICATE_METHOD_MATCH = YES;
				COPY_PHASE_STRIP = YES;
				DEBUG_INFORMATION_FORMAT = "dwarf-with-dsym";
				GCC_C_LANGUAGE_STANDARD = gnu99;
				GCC_ENABLE_OBJC_EXCEPTIONS = YES;
				GCC_WARN_64_TO_32_BIT_CONVERSION = YES;
				GCC_WARN_ABOUT_RETURN_TYPE = YES;
				GCC_WARN_UNINITIALIZED_AUTOS = YES;
				GCC_WARN_UNUSED_VARIABLE = YES;
				MACOSX_DEPLOYMENT_TARGET = 10.8;
				SDKROOT = macosx;
			};
			name = Release;
		};
		68EC9B5317DE2C4200A82B4A /* Debug */ = {
			isa = XCBuildConfiguration;
			buildSettings = {
				COMBINE_HIDPI_IMAGES = YES;
				GCC_PRECOMPILE_PREFIX_HEADER = YES;
				GCC_PREFIX_HEADER = "Commission Price Calculator/Commission Price Calculator-Prefix.pch";
				INFOPLIST_FILE = "Commission Price Calculator/Commission Price Calculator-Info.plist";
				PRODUCT_NAME = "$(TARGET_NAME)";
				WRAPPER_EXTENSION = app;
			};
			name = Debug;
		};
		68EC9B5417DE2C4200A82B4A /* Release */ = {
			isa = XCBuildConfiguration;
			buildSettings = {
				COMBINE_HIDPI_IMAGES = YES;
				GCC_PRECOMPILE_PREFIX_HEADER = YES;
				GCC_PREFIX_HEADER = "Commission Price Calculator/Commission Price Calculator-Prefix.pch";
				INFOPLIST_FILE = "Commission Price Calculator/Commission Price Calculator-Info.plist";
				PRODUCT_NAME = "$(TARGET_NAME)";
				WRAPPER_EXTENSION = app;
			};
			name = Release;
		};
		68EC9B5617DE2C4200A82B4A /* Debug */ = {
			isa = XCBuildConfiguration;
			buildSettings = {
				BUNDLE_LOADER = "$(BUILT_PRODUCTS_DIR)/Commission Price Calculator.app/Contents/MacOS/Commission Price Calculator";
				COMBINE_HIDPI_IMAGES = YES;
				FRAMEWORK_SEARCH_PATHS = "\"$(DEVELOPER_LIBRARY_DIR)/Frameworks\"";
				GCC_PRECOMPILE_PREFIX_HEADER = YES;
				GCC_PREFIX_HEADER = "Commission Price Calculator/Commission Price Calculator-Prefix.pch";
				INFOPLIST_FILE = "Commission Price CalculatorTests/Commission Price CalculatorTests-Info.plist";
				PRODUCT_NAME = "$(TARGET_NAME)";
				TEST_HOST = "$(BUNDLE_LOADER)";
				WRAPPER_EXTENSION = octest;
			};
			name = Debug;
		};
		68EC9B5717DE2C4200A82B4A /* Release */ = {
			isa = XCBuildConfiguration;
			buildSettings = {
				BUNDLE_LOADER = "$(BUILT_PRODUCTS_DIR)/Commission Price Calculator.app/Contents/MacOS/Commission Price Calculator";
				COMBINE_HIDPI_IMAGES = YES;
				FRAMEWORK_SEARCH_PATHS = "\"$(DEVELOPER_LIBRARY_DIR)/Frameworks\"";
				GCC_PRECOMPILE_PREFIX_HEADER = YES;
				GCC_PREFIX_HEADER = "Commission Price Calculator/Commission Price Calculator-Prefix.pch";
				INFOPLIST_FILE = "Commission Price CalculatorTests/Commission Price CalculatorTests-Info.plist";
				PRODUCT_NAME = "$(TARGET_NAME)";
				TEST_HOST = "$(BUNDLE_LOADER)";
				WRAPPER_EXTENSION = octest;
			};
			name = Release;
		};
/* End XCBuildConfiguration section */

/* Begin XCConfigurationList section */
		68EC9B1C17DE2C4100A82B4A /* Build configuration list for PBXProject "Commission Price Calculator" */ = {
			isa = XCConfigurationList;
			buildConfigurations = (
				68EC9B5017DE2C4200A82B4A /* Debug */,
				68EC9B5117DE2C4200A82B4A /* Release */,
			);
			defaultConfigurationIsVisible = 0;
			defaultConfigurationName = Release;
		};
		68EC9B5217DE2C4200A82B4A /* Build configuration list for PBXNativeTarget "Commission Price Calculator" */ = {
			isa = XCConfigurationList;
			buildConfigurations = (
				68EC9B5317DE2C4200A82B4A /* Debug */,
				68EC9B5417DE2C4200A82B4A /* Release */,
			);
			defaultConfigurationIsVisible = 0;
			defaultConfigurationName = Release;
		};
		68EC9B5517DE2C4200A82B4A /* Build configuration list for PBXNativeTarget "Commission Price CalculatorTests" */ = {
			isa = XCConfigurationList;
			buildConfigurations = (
				68EC9B5617DE2C4200A82B4A /* Debug */,
				68EC9B5717DE2C4200A82B4A /* Release */,
			);
			defaultConfigurationIsVisible = 0;
			defaultConfigurationName = Release;
		};
/* End XCConfigurationList section */
	};
	rootObject = 68EC9B1917DE2C4100A82B4A /* Project object */;
}
